// !$*UTF8*$!
{
	archiveVersion = 1;
	classes = {
	};
	objectVersion = 56;
	objects = {

/* Begin PBXBuildFile section */
		4CE5299328F55546009C00F9 /* H4X0R_NewsApp.swift in Sources */ = {isa = PBXBuildFile; fileRef = 4CE5299228F55546009C00F9 /* H4X0R_NewsApp.swift */; };
		4CE5299528F55546009C00F9 /* ContentView.swift in Sources */ = {isa = PBXBuildFile; fileRef = 4CE5299428F55546009C00F9 /* ContentView.swift */; };
		4CE5299728F5554A009C00F9 /* Assets.xcassets in Resources */ = {isa = PBXBuildFile; fileRef = 4CE5299628F5554A009C00F9 /* Assets.xcassets */; };
		4CE5299A28F5554A009C00F9 /* Preview Assets.xcassets in Resources */ = {isa = PBXBuildFile; fileRef = 4CE5299928F5554A009C00F9 /* Preview Assets.xcassets */; };
		4CE529A428F5554A009C00F9 /* H4X0R_NewsTests.swift in Sources */ = {isa = PBXBuildFile; fileRef = 4CE529A328F5554A009C00F9 /* H4X0R_NewsTests.swift */; };
		4CE529AE28F5554A009C00F9 /* H4X0R_NewsUITests.swift in Sources */ = {isa = PBXBuildFile; fileRef = 4CE529AD28F5554A009C00F9 /* H4X0R_NewsUITests.swift */; };
		4CE529B028F5554A009C00F9 /* H4X0R_NewsUITestsLaunchTests.swift in Sources */ = {isa = PBXBuildFile; fileRef = 4CE529AF28F5554A009C00F9 /* H4X0R_NewsUITestsLaunchTests.swift */; };
		4CE529BE28F56358009C00F9 /* NetworkManager.swift in Sources */ = {isa = PBXBuildFile; fileRef = 4CE529BD28F56358009C00F9 /* NetworkManager.swift */; };
		4CE529C028F56696009C00F9 /* PostData.swift in Sources */ = {isa = PBXBuildFile; fileRef = 4CE529BF28F56696009C00F9 /* PostData.swift */; };
		4CE529C328F5760F009C00F9 /* DetailView.swift in Sources */ = {isa = PBXBuildFile; fileRef = 4CE529C228F5760F009C00F9 /* DetailView.swift */; };
/* End PBXBuildFile section */

/* Begin PBXContainerItemProxy section */
		4CE529A028F5554A009C00F9 /* PBXContainerItemProxy */ = {
			isa = PBXContainerItemProxy;
			containerPortal = 4CE5298728F55546009C00F9 /* Project object */;
			proxyType = 1;
			remoteGlobalIDString = 4CE5298E28F55546009C00F9;
			remoteInfo = "H4X0R News";
		};
		4CE529AA28F5554A009C00F9 /* PBXContainerItemProxy */ = {
			isa = PBXContainerItemProxy;
			containerPortal = 4CE5298728F55546009C00F9 /* Project object */;
			proxyType = 1;
			remoteGlobalIDString = 4CE5298E28F55546009C00F9;
			remoteInfo = "H4X0R News";
		};
/* End PBXContainerItemProxy section */

/* Begin PBXFileReference section */
		4CE5298F28F55546009C00F9 /* H4X0R News.app */ = {isa = PBXFileReference; explicitFileType = wrapper.application; includeInIndex = 0; path = "H4X0R News.app"; sourceTree = BUILT_PRODUCTS_DIR; };
		4CE5299228F55546009C00F9 /* H4X0R_NewsApp.swift */ = {isa = PBXFileReference; lastKnownFileType = sourcecode.swift; path = H4X0R_NewsApp.swift; sourceTree = "<group>"; };
		4CE5299428F55546009C00F9 /* ContentView.swift */ = {isa = PBXFileReference; lastKnownFileType = sourcecode.swift; path = ContentView.swift; sourceTree = "<group>"; };
		4CE5299628F5554A009C00F9 /* Assets.xcassets */ = {isa = PBXFileReference; lastKnownFileType = folder.assetcatalog; path = Assets.xcassets; sourceTree = "<group>"; };
		4CE5299928F5554A009C00F9 /* Preview Assets.xcassets */ = {isa = PBXFileReference; lastKnownFileType = folder.assetcatalog; path = "Preview Assets.xcassets"; sourceTree = "<group>"; };
		4CE5299F28F5554A009C00F9 /* H4X0R NewsTests.xctest */ = {isa = PBXFileReference; explicitFileType = wrapper.cfbundle; includeInIndex = 0; path = "H4X0R NewsTests.xctest"; sourceTree = BUILT_PRODUCTS_DIR; };
		4CE529A328F5554A009C00F9 /* H4X0R_NewsTests.swift */ = {isa = PBXFileReference; lastKnownFileType = sourcecode.swift; path = H4X0R_NewsTests.swift; sourceTree = "<group>"; };
		4CE529A928F5554A009C00F9 /* H4X0R NewsUITests.xctest */ = {isa = PBXFileReference; explicitFileType = wrapper.cfbundle; includeInIndex = 0; path = "H4X0R NewsUITests.xctest"; sourceTree = BUILT_PRODUCTS_DIR; };
		4CE529AD28F5554A009C00F9 /* H4X0R_NewsUITests.swift */ = {isa = PBXFileReference; lastKnownFileType = sourcecode.swift; path = H4X0R_NewsUITests.swift; sourceTree = "<group>"; };
		4CE529AF28F5554A009C00F9 /* H4X0R_NewsUITestsLaunchTests.swift */ = {isa = PBXFileReference; lastKnownFileType = sourcecode.swift; path = H4X0R_NewsUITestsLaunchTests.swift; sourceTree = "<group>"; };
		4CE529BD28F56358009C00F9 /* NetworkManager.swift */ = {isa = PBXFileReference; lastKnownFileType = sourcecode.swift; path = NetworkManager.swift; sourceTree = "<group>"; };
		4CE529BF28F56696009C00F9 /* PostData.swift */ = {isa = PBXFileReference; lastKnownFileType = sourcecode.swift; path = PostData.swift; sourceTree = "<group>"; };
		4CE529C228F5760F009C00F9 /* DetailView.swift */ = {isa = PBXFileReference; lastKnownFileType = sourcecode.swift; path = DetailView.swift; sourceTree = "<group>"; };
/* End PBXFileReference section */

/* Begin PBXFrameworksBuildPhase section */
		4CE5298C28F55546009C00F9 /* Frameworks */ = {
			isa = PBXFrameworksBuildPhase;
			buildActionMask = 2147483647;
			files = (
			);
			runOnlyForDeploymentPostprocessing = 0;
		};
		4CE5299C28F5554A009C00F9 /* Frameworks */ = {
			isa = PBXFrameworksBuildPhase;
			buildActionMask = 2147483647;
			files = (
			);
			runOnlyForDeploymentPostprocessing = 0;
		};
		4CE529A628F5554A009C00F9 /* Frameworks */ = {
			isa = PBXFrameworksBuildPhase;
			buildActionMask = 2147483647;
			files = (
			);
			runOnlyForDeploymentPostprocessing = 0;
		};
/* End PBXFrameworksBuildPhase section */

/* Begin PBXGroup section */
		4CE5298628F55546009C00F9 = {
			isa = PBXGroup;
			children = (
				4CE5299128F55546009C00F9 /* H4X0R News */,
				4CE529A228F5554A009C00F9 /* H4X0R NewsTests */,
				4CE529AC28F5554A009C00F9 /* H4X0R NewsUITests */,
				4CE5299028F55546009C00F9 /* Products */,
			);
			sourceTree = "<group>";
		};
		4CE5299028F55546009C00F9 /* Products */ = {
			isa = PBXGroup;
			children = (
				4CE5298F28F55546009C00F9 /* H4X0R News.app */,
				4CE5299F28F5554A009C00F9 /* H4X0R NewsTests.xctest */,
				4CE529A928F5554A009C00F9 /* H4X0R NewsUITests.xctest */,
			);
			name = Products;
			sourceTree = "<group>";
		};
		4CE5299128F55546009C00F9 /* H4X0R News */ = {
			isa = PBXGroup;
			children = (
				4CE5299228F55546009C00F9 /* H4X0R_NewsApp.swift */,
				4CE529C128F575FC009C00F9 /* Views */,
				4CE529BC28F56343009C00F9 /* Models */,
				4CE5299628F5554A009C00F9 /* Assets.xcassets */,
				4CE5299828F5554A009C00F9 /* Preview Content */,
			);
			path = "H4X0R News";
			sourceTree = "<group>";
		};
		4CE5299828F5554A009C00F9 /* Preview Content */ = {
			isa = PBXGroup;
			children = (
				4CE5299928F5554A009C00F9 /* Preview Assets.xcassets */,
			);
			path = "Preview Content";
			sourceTree = "<group>";
		};
		4CE529A228F5554A009C00F9 /* H4X0R NewsTests */ = {
			isa = PBXGroup;
			children = (
				4CE529A328F5554A009C00F9 /* H4X0R_NewsTests.swift */,
			);
			path = "H4X0R NewsTests";
			sourceTree = "<group>";
		};
		4CE529AC28F5554A009C00F9 /* H4X0R NewsUITests */ = {
			isa = PBXGroup;
			children = (
				4CE529AD28F5554A009C00F9 /* H4X0R_NewsUITests.swift */,
				4CE529AF28F5554A009C00F9 /* H4X0R_NewsUITestsLaunchTests.swift */,
			);
			path = "H4X0R NewsUITests";
			sourceTree = "<group>";
		};
		4CE529BC28F56343009C00F9 /* Models */ = {
			isa = PBXGroup;
			children = (
				4CE529BD28F56358009C00F9 /* NetworkManager.swift */,
				4CE529BF28F56696009C00F9 /* PostData.swift */,
			);
			path = Models;
			sourceTree = "<group>";
		};
		4CE529C128F575FC009C00F9 /* Views */ = {
			isa = PBXGroup;
			children = (
				4CE5299428F55546009C00F9 /* ContentView.swift */,
				4CE529C228F5760F009C00F9 /* DetailView.swift */,
			);
			path = Views;
			sourceTree = "<group>";
		};
/* End PBXGroup section */

/* Begin PBXNativeTarget section */
		4CE5298E28F55546009C00F9 /* H4X0R News */ = {
			isa = PBXNativeTarget;
			buildConfigurationList = 4CE529B328F5554A009C00F9 /* Build configuration list for PBXNativeTarget "H4X0R News" */;
			buildPhases = (
				4CE5298B28F55546009C00F9 /* Sources */,
				4CE5298C28F55546009C00F9 /* Frameworks */,
				4CE5298D28F55546009C00F9 /* Resources */,
			);
			buildRules = (
			);
			dependencies = (
			);
			name = "H4X0R News";
			productName = "H4X0R News";
			productReference = 4CE5298F28F55546009C00F9 /* H4X0R News.app */;
			productType = "com.apple.product-type.application";
		};
		4CE5299E28F5554A009C00F9 /* H4X0R NewsTests */ = {
			isa = PBXNativeTarget;
			buildConfigurationList = 4CE529B628F5554A009C00F9 /* Build configuration list for PBXNativeTarget "H4X0R NewsTests" */;
			buildPhases = (
				4CE5299B28F5554A009C00F9 /* Sources */,
				4CE5299C28F5554A009C00F9 /* Frameworks */,
				4CE5299D28F5554A009C00F9 /* Resources */,
			);
			buildRules = (
			);
			dependencies = (
				4CE529A128F5554A009C00F9 /* PBXTargetDependency */,
			);
			name = "H4X0R NewsTests";
			productName = "H4X0R NewsTests";
			productReference = 4CE5299F28F5554A009C00F9 /* H4X0R NewsTests.xctest */;
			productType = "com.apple.product-type.bundle.unit-test";
		};
		4CE529A828F5554A009C00F9 /* H4X0R NewsUITests */ = {
			isa = PBXNativeTarget;
			buildConfigurationList = 4CE529B928F5554A009C00F9 /* Build configuration list for PBXNativeTarget "H4X0R NewsUITests" */;
			buildPhases = (
				4CE529A528F5554A009C00F9 /* Sources */,
				4CE529A628F5554A009C00F9 /* Frameworks */,
				4CE529A728F5554A009C00F9 /* Resources */,
			);
			buildRules = (
			);
			dependencies = (
				4CE529AB28F5554A009C00F9 /* PBXTargetDependency */,
			);
			name = "H4X0R NewsUITests";
			productName = "H4X0R NewsUITests";
			productReference = 4CE529A928F5554A009C00F9 /* H4X0R NewsUITests.xctest */;
			productType = "com.apple.product-type.bundle.ui-testing";
		};
/* End PBXNativeTarget section */

/* Begin PBXProject section */
		4CE5298728F55546009C00F9 /* Project object */ = {
			isa = PBXProject;
			attributes = {
				BuildIndependentTargetsInParallel = 1;
				LastSwiftUpdateCheck = 1400;
				LastUpgradeCheck = 1400;
				TargetAttributes = {
					4CE5298E28F55546009C00F9 = {
						CreatedOnToolsVersion = 14.0;
					};
					4CE5299E28F5554A009C00F9 = {
						CreatedOnToolsVersion = 14.0;
						TestTargetID = 4CE5298E28F55546009C00F9;
					};
					4CE529A828F5554A009C00F9 = {
						CreatedOnToolsVersion = 14.0;
						TestTargetID = 4CE5298E28F55546009C00F9;
					};
				};
			};
			buildConfigurationList = 4CE5298A28F55546009C00F9 /* Build configuration list for PBXProject "H4X0R News" */;
			compatibilityVersion = "Xcode 14.0";
			developmentRegion = en;
			hasScannedForEncodings = 0;
			knownRegions = (
				en,
				Base,
			);
			mainGroup = 4CE5298628F55546009C00F9;
			productRefGroup = 4CE5299028F55546009C00F9 /* Products */;
			projectDirPath = "";
			projectRoot = "";
			targets = (
				4CE5298E28F55546009C00F9 /* H4X0R News */,
				4CE5299E28F5554A009C00F9 /* H4X0R NewsTests */,
				4CE529A828F5554A009C00F9 /* H4X0R NewsUITests */,
			);
		};
/* End PBXProject section */

/* Begin PBXResourcesBuildPhase section */
		4CE5298D28F55546009C00F9 /* Resources */ = {
			isa = PBXResourcesBuildPhase;
			buildActionMask = 2147483647;
			files = (
				4CE5299A28F5554A009C00F9 /* Preview Assets.xcassets in Resources */,
				4CE5299728F5554A009C00F9 /* Assets.xcassets in Resources */,
			);
			runOnlyForDeploymentPostprocessing = 0;
		};
		4CE5299D28F5554A009C00F9 /* Resources */ = {
			isa = PBXResourcesBuildPhase;
			buildActionMask = 2147483647;
			files = (
			);
			runOnlyForDeploymentPostprocessing = 0;
		};
		4CE529A728F5554A009C00F9 /* Resources */ = {
			isa = PBXResourcesBuildPhase;
			buildActionMask = 2147483647;
			files = (
			);
			runOnlyForDeploymentPostprocessing = 0;
		};
/* End PBXResourcesBuildPhase section */

/* Begin PBXSourcesBuildPhase section */
		4CE5298B28F55546009C00F9 /* Sources */ = {
			isa = PBXSourcesBuildPhase;
			buildActionMask = 2147483647;
			files = (
				4CE529BE28F56358009C00F9 /* NetworkManager.swift in Sources */,
				4CE529C028F56696009C00F9 /* PostData.swift in Sources */,
				4CE5299528F55546009C00F9 /* ContentView.swift in Sources */,
				4CE529C328F5760F009C00F9 /* DetailView.swift in Sources */,
				4CE5299328F55546009C00F9 /* H4X0R_NewsApp.swift in Sources */,
			);
			runOnlyForDeploymentPostprocessing = 0;
		};
		4CE5299B28F5554A009C00F9 /* Sources */ = {
			isa = PBXSourcesBuildPhase;
			buildActionMask = 2147483647;
			files = (
				4CE529A428F5554A009C00F9 /* H4X0R_NewsTests.swift in Sources */,
			);
			runOnlyForDeploymentPostprocessing = 0;
		};
		4CE529A528F5554A009C00F9 /* Sources */ = {
			isa = PBXSourcesBuildPhase;
			buildActionMask = 2147483647;
			files = (
				4CE529B028F5554A009C00F9 /* H4X0R_NewsUITestsLaunchTests.swift in Sources */,
				4CE529AE28F5554A009C00F9 /* H4X0R_NewsUITests.swift in Sources */,
			);
			runOnlyForDeploymentPostprocessing = 0;
		};
/* End PBXSourcesBuildPhase section */

/* Begin PBXTargetDependency section */
		4CE529A128F5554A009C00F9 /* PBXTargetDependency */ = {
			isa = PBXTargetDependency;
			target = 4CE5298E28F55546009C00F9 /* H4X0R News */;
			targetProxy = 4CE529A028F5554A009C00F9 /* PBXContainerItemProxy */;
		};
		4CE529AB28F5554A009C00F9 /* PBXTargetDependency */ = {
			isa = PBXTargetDependency;
			target = 4CE5298E28F55546009C00F9 /* H4X0R News */;
			targetProxy = 4CE529AA28F5554A009C00F9 /* PBXContainerItemProxy */;
		};
/* End PBXTargetDependency section */

/* Begin XCBuildConfiguration section */
		4CE529B128F5554A009C00F9 /* Debug */ = {
			isa = XCBuildConfiguration;
			buildSettings = {
				ALWAYS_SEARCH_USER_PATHS = NO;
				CLANG_ANALYZER_NONNULL = YES;
				CLANG_ANALYZER_NUMBER_OBJECT_CONVERSION = YES_AGGRESSIVE;
				CLANG_CXX_LANGUAGE_STANDARD = "gnu++20";
				CLANG_ENABLE_MODULES = YES;
				CLANG_ENABLE_OBJC_ARC = YES;
				CLANG_ENABLE_OBJC_WEAK = YES;
				CLANG_WARN_BLOCK_CAPTURE_AUTORELEASING = YES;
				CLANG_WARN_BOOL_CONVERSION = YES;
				CLANG_WARN_COMMA = YES;
				CLANG_WARN_CONSTANT_CONVERSION = YES;
				CLANG_WARN_DEPRECATED_OBJC_IMPLEMENTATIONS = YES;
				CLANG_WARN_DIRECT_OBJC_ISA_USAGE = YES_ERROR;
				CLANG_WARN_DOCUMENTATION_COMMENTS = YES;
				CLANG_WARN_EMPTY_BODY = YES;
				CLANG_WARN_ENUM_CONVERSION = YES;
				CLANG_WARN_INFINITE_RECURSION = YES;
				CLANG_WARN_INT_CONVERSION = YES;
				CLANG_WARN_NON_LITERAL_NULL_CONVERSION = YES;
				CLANG_WARN_OBJC_IMPLICIT_RETAIN_SELF = YES;
				CLANG_WARN_OBJC_LITERAL_CONVERSION = YES;
				CLANG_WARN_OBJC_ROOT_CLASS = YES_ERROR;
				CLANG_WARN_QUOTED_INCLUDE_IN_FRAMEWORK_HEADER = YES;
				CLANG_WARN_RANGE_LOOP_ANALYSIS = YES;
				CLANG_WARN_STRICT_PROTOTYPES = YES;
				CLANG_WARN_SUSPICIOUS_MOVE = YES;
				CLANG_WARN_UNGUARDED_AVAILABILITY = YES_AGGRESSIVE;
				CLANG_WARN_UNREACHABLE_CODE = YES;
				CLANG_WARN__DUPLICATE_METHOD_MATCH = YES;
				COPY_PHASE_STRIP = NO;
				DEBUG_INFORMATION_FORMAT = dwarf;
				ENABLE_STRICT_OBJC_MSGSEND = YES;
				ENABLE_TESTABILITY = YES;
				GCC_C_LANGUAGE_STANDARD = gnu11;
				GCC_DYNAMIC_NO_PIC = NO;
				GCC_NO_COMMON_BLOCKS = YES;
				GCC_OPTIMIZATION_LEVEL = 0;
				GCC_PREPROCESSOR_DEFINITIONS = (
					"DEBUG=1",
					"$(inherited)",
				);
				GCC_WARN_64_TO_32_BIT_CONVERSION = YES;
				GCC_WARN_ABOUT_RETURN_TYPE = YES_ERROR;
				GCC_WARN_UNDECLARED_SELECTOR = YES;
				GCC_WARN_UNINITIALIZED_AUTOS = YES_AGGRESSIVE;
				GCC_WARN_UNUSED_FUNCTION = YES;
				GCC_WARN_UNUSED_VARIABLE = YES;
				IPHONEOS_DEPLOYMENT_TARGET = 16.0;
				MTL_ENABLE_DEBUG_INFO = INCLUDE_SOURCE;
				MTL_FAST_MATH = YES;
				ONLY_ACTIVE_ARCH = YES;
				SDKROOT = iphoneos;
				SWIFT_ACTIVE_COMPILATION_CONDITIONS = DEBUG;
				SWIFT_OPTIMIZATION_LEVEL = "-Onone";
			};
			name = Debug;
		};
		4CE529B228F5554A009C00F9 /* Release */ = {
			isa = XCBuildConfiguration;
			buildSettings = {
				ALWAYS_SEARCH_USER_PATHS = NO;
				CLANG_ANALYZER_NONNULL = YES;
				CLANG_ANALYZER_NUMBER_OBJECT_CONVERSION = YES_AGGRESSIVE;
				CLANG_CXX_LANGUAGE_STANDARD = "gnu++20";
				CLANG_ENABLE_MODULES = YES;
				CLANG_ENABLE_OBJC_ARC = YES;
				CLANG_ENABLE_OBJC_WEAK = YES;
				CLANG_WARN_BLOCK_CAPTURE_AUTORELEASING = YES;
				CLANG_WARN_BOOL_CONVERSION = YES;
				CLANG_WARN_COMMA = YES;
				CLANG_WARN_CONSTANT_CONVERSION = YES;
				CLANG_WARN_DEPRECATED_OBJC_IMPLEMENTATIONS = YES;
				CLANG_WARN_DIRECT_OBJC_ISA_USAGE = YES_ERROR;
				CLANG_WARN_DOCUMENTATION_COMMENTS = YES;
				CLANG_WARN_EMPTY_BODY = YES;
				CLANG_WARN_ENUM_CONVERSION = YES;
				CLANG_WARN_INFINITE_RECURSION = YES;
				CLANG_WARN_INT_CONVERSION = YES;
				CLANG_WARN_NON_LITERAL_NULL_CONVERSION = YES;
				CLANG_WARN_OBJC_IMPLICIT_RETAIN_SELF = YES;
				CLANG_WARN_OBJC_LITERAL_CONVERSION = YES;
				CLANG_WARN_OBJC_ROOT_CLASS = YES_ERROR;
				CLANG_WARN_QUOTED_INCLUDE_IN_FRAMEWORK_HEADER = YES;
				CLANG_WARN_RANGE_LOOP_ANALYSIS = YES;
				CLANG_WARN_STRICT_PROTOTYPES = YES;
				CLANG_WARN_SUSPICIOUS_MOVE = YES;
				CLANG_WARN_UNGUARDED_AVAILABILITY = YES_AGGRESSIVE;
				CLANG_WARN_UNREACHABLE_CODE = YES;
				CLANG_WARN__DUPLICATE_METHOD_MATCH = YES;
				COPY_PHASE_STRIP = NO;
				DEBUG_INFORMATION_FORMAT = "dwarf-with-dsym";
				ENABLE_NS_ASSERTIONS = NO;
				ENABLE_STRICT_OBJC_MSGSEND = YES;
				GCC_C_LANGUAGE_STANDARD = gnu11;
				GCC_NO_COMMON_BLOCKS = YES;
				GCC_WARN_64_TO_32_BIT_CONVERSION = YES;
				GCC_WARN_ABOUT_RETURN_TYPE = YES_ERROR;
				GCC_WARN_UNDECLARED_SELECTOR = YES;
				GCC_WARN_UNINITIALIZED_AUTOS = YES_AGGRESSIVE;
				GCC_WARN_UNUSED_FUNCTION = YES;
				GCC_WARN_UNUSED_VARIABLE = YES;
				IPHONEOS_DEPLOYMENT_TARGET = 16.0;
				MTL_ENABLE_DEBUG_INFO = NO;
				MTL_FAST_MATH = YES;
				SDKROOT = iphoneos;
				SWIFT_COMPILATION_MODE = wholemodule;
				SWIFT_OPTIMIZATION_LEVEL = "-O";
				VALIDATE_PRODUCT = YES;
			};
			name = Release;
		};
		4CE529B428F5554A009C00F9 /* Debug */ = {
			isa = XCBuildConfiguration;
			buildSettings = {
				ASSETCATALOG_COMPILER_APPICON_NAME = AppIcon;
				ASSETCATALOG_COMPILER_GLOBAL_ACCENT_COLOR_NAME = AccentColor;
				CODE_SIGN_STYLE = Automatic;
				CURRENT_PROJECT_VERSION = 1;
				DEVELOPMENT_ASSET_PATHS = "\"H4X0R News/Preview Content\"";
				ENABLE_PREVIEWS = YES;
				GENERATE_INFOPLIST_FILE = YES;
				INFOPLIST_KEY_UIApplicationSceneManifest_Generation = YES;
				INFOPLIST_KEY_UIApplicationSupportsIndirectInputEvents = YES;
				INFOPLIST_KEY_UILaunchScreen_Generation = YES;
				INFOPLIST_KEY_UISupportedInterfaceOrientations_iPad = "UIInterfaceOrientationPortrait UIInterfaceOrientationPortraitUpsideDown UIInterfaceOrientationLandscapeLeft UIInterfaceOrientationLandscapeRight";
				INFOPLIST_KEY_UISupportedInterfaceOrientations_iPhone = "UIInterfaceOrientationPortrait UIInterfaceOrientationLandscapeLeft UIInterfaceOrientationLandscapeRight";
				LD_RUNPATH_SEARCH_PATHS = (
					"$(inherited)",
					"@executable_path/Frameworks",
				);
				MARKETING_VERSION = 1.0;
				PRODUCT_BUNDLE_IDENTIFIER = "com.michaelabeyer.H4X0R-News";
				PRODUCT_NAME = "$(TARGET_NAME)";
				SWIFT_EMIT_LOC_STRINGS = YES;
				SWIFT_VERSION = 5.0;
				TARGETED_DEVICE_FAMILY = "1,2";
			};
			name = Debug;
		};
		4CE529B528F5554A009C00F9 /* Release */ = {
			isa = XCBuildConfiguration;
			buildSettings = {
				ASSETCATALOG_COMPILER_APPICON_NAME = AppIcon;
				ASSETCATALOG_COMPILER_GLOBAL_ACCENT_COLOR_NAME = AccentColor;
				CODE_SIGN_STYLE = Automatic;
				CURRENT_PROJECT_VERSION = 1;
				DEVELOPMENT_ASSET_PATHS = "\"H4X0R News/Preview Content\"";
				ENABLE_PREVIEWS = YES;
				GENERATE_INFOPLIST_FILE = YES;
				INFOPLIST_KEY_UIApplicationSceneManifest_Generation = YES;
				INFOPLIST_KEY_UIApplicationSupportsIndirectInputEvents = YES;
				INFOPLIST_KEY_UILaunchScreen_Generation = YES;
				INFOPLIST_KEY_UISupportedInterfaceOrientations_iPad = "UIInterfaceOrientationPortrait UIInterfaceOrientationPortraitUpsideDown UIInterfaceOrientationLandscapeLeft UIInterfaceOrientationLandscapeRight";
				INFOPLIST_KEY_UISupportedInterfaceOrientations_iPhone = "UIInterfaceOrientationPortrait UIInterfaceOrientationLandscapeLeft UIInterfaceOrientationLandscapeRight";
				LD_RUNPATH_SEARCH_PATHS = (
					"$(inherited)",
					"@executable_path/Frameworks",
				);
				MARKETING_VERSION = 1.0;
				PRODUCT_BUNDLE_IDENTIFIER = "com.michaelabeyer.H4X0R-News";
				PRODUCT_NAME = "$(TARGET_NAME)";
				SWIFT_EMIT_LOC_STRINGS = YES;
				SWIFT_VERSION = 5.0;
				TARGETED_DEVICE_FAMILY = "1,2";
			};
			name = Release;
		};
		4CE529B728F5554A009C00F9 /* Debug */ = {
			isa = XCBuildConfiguration;
			buildSettings = {
				ALWAYS_EMBED_SWIFT_STANDARD_LIBRARIES = YES;
				BUNDLE_LOADER = "$(TEST_HOST)";
				CODE_SIGN_STYLE = Automatic;
				CURRENT_PROJECT_VERSION = 1;
				GENERATE_INFOPLIST_FILE = YES;
				IPHONEOS_DEPLOYMENT_TARGET = 16.0;
				MARKETING_VERSION = 1.0;
				PRODUCT_BUNDLE_IDENTIFIER = "com.michaelabeyer.H4X0R-NewsTests";
				PRODUCT_NAME = "$(TARGET_NAME)";
				SWIFT_EMIT_LOC_STRINGS = NO;
				SWIFT_VERSION = 5.0;
				TARGETED_DEVICE_FAMILY = "1,2";
				TEST_HOST = "$(BUILT_PRODUCTS_DIR)/H4X0R News.app/$(BUNDLE_EXECUTABLE_FOLDER_PATH)/H4X0R News";
			};
			name = Debug;
		};
		4CE529B828F5554A009C00F9 /* Release */ = {
			isa = XCBuildConfiguration;
			buildSettings = {
				ALWAYS_EMBED_SWIFT_STANDARD_LIBRARIES = YES;
				BUNDLE_LOADER = "$(TEST_HOST)";
				CODE_SIGN_STYLE = Automatic;
				CURRENT_PROJECT_VERSION = 1;
				GENERATE_INFOPLIST_FILE = YES;
				IPHONEOS_DEPLOYMENT_TARGET = 16.0;
				MARKETING_VERSION = 1.0;
				PRODUCT_BUNDLE_IDENTIFIER = "com.michaelabeyer.H4X0R-NewsTests";
				PRODUCT_NAME = "$(TARGET_NAME)";
				SWIFT_EMIT_LOC_STRINGS = NO;
				SWIFT_VERSION = 5.0;
				TARGETED_DEVICE_FAMILY = "1,2";
				TEST_HOST = "$(BUILT_PRODUCTS_DIR)/H4X0R News.app/$(BUNDLE_EXECUTABLE_FOLDER_PATH)/H4X0R News";
			};
			name = Release;
		};
		4CE529BA28F5554A009C00F9 /* Debug */ = {
			isa = XCBuildConfiguration;
			buildSettings = {
				ALWAYS_EMBED_SWIFT_STANDARD_LIBRARIES = YES;
				CODE_SIGN_STYLE = Automatic;
				CURRENT_PROJECT_VERSION = 1;
				GENERATE_INFOPLIST_FILE = YES;
				MARKETING_VERSION = 1.0;
				PRODUCT_BUNDLE_IDENTIFIER = "com.michaelabeyer.H4X0R-NewsUITests";
				PRODUCT_NAME = "$(TARGET_NAME)";
				SWIFT_EMIT_LOC_STRINGS = NO;
				SWIFT_VERSION = 5.0;
				TARGETED_DEVICE_FAMILY = "1,2";
				TEST_TARGET_NAME = "H4X0R News";
			};
			name = Debug;
		};
		4CE529BB28F5554A009C00F9 /* Release */ = {
			isa = XCBuildConfiguration;
			buildSettings = {
				ALWAYS_EMBED_SWIFT_STANDARD_LIBRARIES = YES;
				CODE_SIGN_STYLE = Automatic;
				CURRENT_PROJECT_VERSION = 1;
				GENERATE_INFOPLIST_FILE = YES;
				MARKETING_VERSION = 1.0;
				PRODUCT_BUNDLE_IDENTIFIER = "com.michaelabeyer.H4X0R-NewsUITests";
				PRODUCT_NAME = "$(TARGET_NAME)";
				SWIFT_EMIT_LOC_STRINGS = NO;
				SWIFT_VERSION = 5.0;
				TARGETED_DEVICE_FAMILY = "1,2";
				TEST_TARGET_NAME = "H4X0R News";
			};
			name = Release;
		};
/* End XCBuildConfiguration section */

/* Begin XCConfigurationList section */
		4CE5298A28F55546009C00F9 /* Build configuration list for PBXProject "H4X0R News" */ = {
			isa = XCConfigurationList;
			buildConfigurations = (
				4CE529B128F5554A009C00F9 /* Debug */,
				4CE529B228F5554A009C00F9 /* Release */,
			);
			defaultConfigurationIsVisible = 0;
			defaultConfigurationName = Release;
		};
		4CE529B328F5554A009C00F9 /* Build configuration list for PBXNativeTarget "H4X0R News" */ = {
			isa = XCConfigurationList;
			buildConfigurations = (
				4CE529B428F5554A009C00F9 /* Debug */,
				4CE529B528F5554A009C00F9 /* Release */,
			);
			defaultConfigurationIsVisible = 0;
			defaultConfigurationName = Release;
		};
		4CE529B628F5554A009C00F9 /* Build configuration list for PBXNativeTarget "H4X0R NewsTests" */ = {
			isa = XCConfigurationList;
			buildConfigurations = (
				4CE529B728F5554A009C00F9 /* Debug */,
				4CE529B828F5554A009C00F9 /* Release */,
			);
			defaultConfigurationIsVisible = 0;
			defaultConfigurationName = Release;
		};
		4CE529B928F5554A009C00F9 /* Build configuration list for PBXNativeTarget "H4X0R NewsUITests" */ = {
			isa = XCConfigurationList;
			buildConfigurations = (
				4CE529BA28F5554A009C00F9 /* Debug */,
				4CE529BB28F5554A009C00F9 /* Release */,
			);
			defaultConfigurationIsVisible = 0;
			defaultConfigurationName = Release;
		};
/* End XCConfigurationList section */
	};
	rootObject = 4CE5298728F55546009C00F9 /* Project object */;
}
